
Microsoft Visual Studio Solution File, Format Version 12.00
# Visual Studio Version 16
VisualStudioVersion = 16.0.32413.511
MinimumVisualStudioVersion = 10.0.40219.1
Project("{9A19103F-16F7-4668-BE54-9A1E7A4F7556}") = "exercicio1", "exercicio1\exercicio1.csproj", "{6877FAD3-2087-4B17-A548-44E39E519041}"
EndProject
Project("{9A19103F-16F7-4668-BE54-9A1E7A4F7556}") = "Exercício2", "Exercício2\Exercício2.csproj", "{2777BB5F-8EBD-417B-8A82-E5A861910EED}"
EndProject
Project("{9A19103F-16F7-4668-BE54-9A1E7A4F7556}") = "exercício3", "exercício3\exercício3.csproj", "{84F73A96-DF06-4DDB-A649-10194167CE41}"
EndProject
Project("{9A19103F-16F7-4668-BE54-9A1E7A4F7556}") = "exercício4", "exercício4\exercício4.csproj", "{287FAF51-1601-4A06-AC94-F8AB8D892686}"
EndProject
Project("{9A19103F-16F7-4668-BE54-9A1E7A4F7556}") = "exercício 5", "exercício 5\exercício 5.csproj", "{8E90A20A-243F-44BB-B0C3-913EF581ABEE}"
EndProject
Project("{9A19103F-16F7-4668-BE54-9A1E7A4F7556}") = "exercício6", "exercício6\exercício6.csproj", "{09BD5D01-AF05-4937-837C-00BDCB907EB9}"
EndProject
Project("{9A19103F-16F7-4668-BE54-9A1E7A4F7556}") = "exercício7", "exercício7\exercício7.csproj", "{DC2A1842-5A90-40B1-B009-1F6FC488AAE4}"
EndProject
Project("{9A19103F-16F7-4668-BE54-9A1E7A4F7556}") = "exercício8", "exercício8\exercício8.csproj", "{BD54DB87-6DFE-4E6C-B4B4-B24B2FCBB336}"
EndProject
Project("{9A19103F-16F7-4668-BE54-9A1E7A4F7556}") = "exercício9", "exercício9\exercício9.csproj", "{FBBA8AF5-EAB9-451D-9518-D197143740F9}"
EndProject
Project("{9A19103F-16F7-4668-BE54-9A1E7A4F7556}") = "exercicío10", "exercicío10\exercicío10.csproj", "{FFA9344A-49F0-4135-899B-3BF75B7F59A3}"
EndProject
Project("{9A19103F-16F7-4668-BE54-9A1E7A4F7556}") = "exercício11", "exercício11\exercício11.csproj", "{055B33E2-6F35-4A6B-B414-809450BFC3B6}"
EndProject
Project("{9A19103F-16F7-4668-BE54-9A1E7A4F7556}") = "exercício12", "exercício12\exercício12.csproj", "{11F7C820-6F76-4316-AB30-7FAE329856C0}"
EndProject
Project("{9A19103F-16F7-4668-BE54-9A1E7A4F7556}") = "exercício13", "exercício13\exercício13.csproj", "{FE9A8B5B-1032-46B1-A93C-D0BF546A0849}"
EndProject
Project("{9A19103F-16F7-4668-BE54-9A1E7A4F7556}") = "banco", "exercício14\banco.csproj", "{FD7160AD-5686-4A4C-AC13-74D6902819F0}"
EndProject
Project("{9A19103F-16F7-4668-BE54-9A1E7A4F7556}") = "calculadora", "calculadora\calculadora.csproj", "{09A04C13-258B-4308-91F8-2C5C09D7F0BC}"
EndProject
Project("{9A19103F-16F7-4668-BE54-9A1E7A4F7556}") = "Array10", "Array10\Array10.csproj", "{C98FC8AF-8024-4978-B2EB-F759D7136FA9}"
EndProject
Project("{9A19103F-16F7-4668-BE54-9A1E7A4F7556}") = "divisores", "divisores\divisores.csproj", "{C0BD48EF-B71A-4805-9F99-6199A9463F61}"
EndProject
Project("{9A19103F-16F7-4668-BE54-9A1E7A4F7556}") = "ArrayBool", "ArrayBool\ArrayBool.csproj", "{859B732F-F60B-49F3-83D0-37841AB834C4}"
EndProject
Project("{9A19103F-16F7-4668-BE54-9A1E7A4F7556}") = "3notas10alunos", "3notas10alunos\3notas10alunos.csproj", "{EA68DE7E-43B4-475A-A790-112782D24878}"
EndProject
Project("{9A19103F-16F7-4668-BE54-9A1E7A4F7556}") = "jogoAcertarNumero", "jogoAcertarNumero\jogoAcertarNumero.csproj", "{AA25C496-5978-4E6F-A3C0-76D5FB8C6374}"
EndProject
Project("{9A19103F-16F7-4668-BE54-9A1E7A4F7556}") = "ArrayInvertido", "ArrayInvertido\ArrayInvertido.csproj", "{7739A37D-FEE0-4E88-83E5-E6DA17E87274}"
EndProject
Project("{9A19103F-16F7-4668-BE54-9A1E7A4F7556}") = "mmc", "mmc\mmc.csproj", "{E910A03F-055A-4DDD-A780-A779DB919C17}"
EndProject
Project("{9A19103F-16F7-4668-BE54-9A1E7A4F7556}") = "mdc", "mdc\mdc.csproj", "{57B0FE73-7A7B-44F9-9C22-F1D8F73322BE}"
EndProject
Project("{9A19103F-16F7-4668-BE54-9A1E7A4F7556}") = "triângulo", "triângulo\triângulo.csproj", "{64CB7AFF-6A54-4ED7-862D-9EE1E2669B09}"
EndProject
Project("{9A19103F-16F7-4668-BE54-9A1E7A4F7556}") = "Exercícios31.05.22", "Exercícios31.05.22\Exercícios31.05.22.csproj", "{6D153B9B-0969-478F-B0CD-14745DE5AB6F}"
EndProject
Project("{FAE04EC0-301F-11D3-BF4B-00C04F79EFBC}") = "exercicios02.06.22", "exercicios02.06.22\exercicios02.06.22.csproj", "{31095965-C928-498F-809A-D0E9718673AA}"
EndProject
Global
	GlobalSection(SolutionConfigurationPlatforms) = preSolution
		Debug|Any CPU = Debug|Any CPU
		Release|Any CPU = Release|Any CPU
	EndGlobalSection
	GlobalSection(ProjectConfigurationPlatforms) = postSolution
		{6877FAD3-2087-4B17-A548-44E39E519041}.Debug|Any CPU.ActiveCfg = Debug|Any CPU
		{6877FAD3-2087-4B17-A548-44E39E519041}.Debug|Any CPU.Build.0 = Debug|Any CPU
		{6877FAD3-2087-4B17-A548-44E39E519041}.Release|Any CPU.ActiveCfg = Release|Any CPU
		{6877FAD3-2087-4B17-A548-44E39E519041}.Release|Any CPU.Build.0 = Release|Any CPU
		{2777BB5F-8EBD-417B-8A82-E5A861910EED}.Debug|Any CPU.ActiveCfg = Debug|Any CPU
		{2777BB5F-8EBD-417B-8A82-E5A861910EED}.Debug|Any CPU.Build.0 = Debug|Any CPU
		{2777BB5F-8EBD-417B-8A82-E5A861910EED}.Release|Any CPU.ActiveCfg = Release|Any CPU
		{2777BB5F-8EBD-417B-8A82-E5A861910EED}.Release|Any CPU.Build.0 = Release|Any CPU
		{84F73A96-DF06-4DDB-A649-10194167CE41}.Debug|Any CPU.ActiveCfg = Debug|Any CPU
		{84F73A96-DF06-4DDB-A649-10194167CE41}.Debug|Any CPU.Build.0 = Debug|Any CPU
		{84F73A96-DF06-4DDB-A649-10194167CE41}.Release|Any CPU.ActiveCfg = Release|Any CPU
		{84F73A96-DF06-4DDB-A649-10194167CE41}.Release|Any CPU.Build.0 = Release|Any CPU
		{287FAF51-1601-4A06-AC94-F8AB8D892686}.Debug|Any CPU.ActiveCfg = Debug|Any CPU
		{287FAF51-1601-4A06-AC94-F8AB8D892686}.Debug|Any CPU.Build.0 = Debug|Any CPU
		{287FAF51-1601-4A06-AC94-F8AB8D892686}.Release|Any CPU.ActiveCfg = Release|Any CPU
		{287FAF51-1601-4A06-AC94-F8AB8D892686}.Release|Any CPU.Build.0 = Release|Any CPU
		{8E90A20A-243F-44BB-B0C3-913EF581ABEE}.Debug|Any CPU.ActiveCfg = Debug|Any CPU
		{8E90A20A-243F-44BB-B0C3-913EF581ABEE}.Debug|Any CPU.Build.0 = Debug|Any CPU
		{8E90A20A-243F-44BB-B0C3-913EF581ABEE}.Release|Any CPU.ActiveCfg = Release|Any CPU
		{8E90A20A-243F-44BB-B0C3-913EF581ABEE}.Release|Any CPU.Build.0 = Release|Any CPU
		{09BD5D01-AF05-4937-837C-00BDCB907EB9}.Debug|Any CPU.ActiveCfg = Debug|Any CPU
		{09BD5D01-AF05-4937-837C-00BDCB907EB9}.Debug|Any CPU.Build.0 = Debug|Any CPU
		{09BD5D01-AF05-4937-837C-00BDCB907EB9}.Release|Any CPU.ActiveCfg = Release|Any CPU
		{09BD5D01-AF05-4937-837C-00BDCB907EB9}.Release|Any CPU.Build.0 = Release|Any CPU
		{DC2A1842-5A90-40B1-B009-1F6FC488AAE4}.Debug|Any CPU.ActiveCfg = Debug|Any CPU
		{DC2A1842-5A90-40B1-B009-1F6FC488AAE4}.Debug|Any CPU.Build.0 = Debug|Any CPU
		{DC2A1842-5A90-40B1-B009-1F6FC488AAE4}.Release|Any CPU.ActiveCfg = Release|Any CPU
		{DC2A1842-5A90-40B1-B009-1F6FC488AAE4}.Release|Any CPU.Build.0 = Release|Any CPU
		{BD54DB87-6DFE-4E6C-B4B4-B24B2FCBB336}.Debug|Any CPU.ActiveCfg = Debug|Any CPU
		{BD54DB87-6DFE-4E6C-B4B4-B24B2FCBB336}.Debug|Any CPU.Build.0 = Debug|Any CPU
		{BD54DB87-6DFE-4E6C-B4B4-B24B2FCBB336}.Release|Any CPU.ActiveCfg = Release|Any CPU
		{BD54DB87-6DFE-4E6C-B4B4-B24B2FCBB336}.Release|Any CPU.Build.0 = Release|Any CPU
		{FBBA8AF5-EAB9-451D-9518-D197143740F9}.Debug|Any CPU.ActiveCfg = Debug|Any CPU
		{FBBA8AF5-EAB9-451D-9518-D197143740F9}.Debug|Any CPU.Build.0 = Debug|Any CPU
		{FBBA8AF5-EAB9-451D-9518-D197143740F9}.Release|Any CPU.ActiveCfg = Release|Any CPU
		{FBBA8AF5-EAB9-451D-9518-D197143740F9}.Release|Any CPU.Build.0 = Release|Any CPU
		{FFA9344A-49F0-4135-899B-3BF75B7F59A3}.Debug|Any CPU.ActiveCfg = Debug|Any CPU
		{FFA9344A-49F0-4135-899B-3BF75B7F59A3}.Debug|Any CPU.Build.0 = Debug|Any CPU
		{FFA9344A-49F0-4135-899B-3BF75B7F59A3}.Release|Any CPU.ActiveCfg = Release|Any CPU
		{FFA9344A-49F0-4135-899B-3BF75B7F59A3}.Release|Any CPU.Build.0 = Release|Any CPU
		{055B33E2-6F35-4A6B-B414-809450BFC3B6}.Debug|Any CPU.ActiveCfg = Debug|Any CPU
		{055B33E2-6F35-4A6B-B414-809450BFC3B6}.Debug|Any CPU.Build.0 = Debug|Any CPU
		{055B33E2-6F35-4A6B-B414-809450BFC3B6}.Release|Any CPU.ActiveCfg = Release|Any CPU
		{055B33E2-6F35-4A6B-B414-809450BFC3B6}.Release|Any CPU.Build.0 = Release|Any CPU
		{11F7C820-6F76-4316-AB30-7FAE329856C0}.Debug|Any CPU.ActiveCfg = Debug|Any CPU
		{11F7C820-6F76-4316-AB30-7FAE329856C0}.Debug|Any CPU.Build.0 = Debug|Any CPU
		{11F7C820-6F76-4316-AB30-7FAE329856C0}.Release|Any CPU.ActiveCfg = Release|Any CPU
		{11F7C820-6F76-4316-AB30-7FAE329856C0}.Release|Any CPU.Build.0 = Release|Any CPU
		{FE9A8B5B-1032-46B1-A93C-D0BF546A0849}.Debug|Any CPU.ActiveCfg = Debug|Any CPU
		{FE9A8B5B-1032-46B1-A93C-D0BF546A0849}.Debug|Any CPU.Build.0 = Debug|Any CPU
		{FE9A8B5B-1032-46B1-A93C-D0BF546A0849}.Release|Any CPU.ActiveCfg = Release|Any CPU
		{FE9A8B5B-1032-46B1-A93C-D0BF546A0849}.Release|Any CPU.Build.0 = Release|Any CPU
		{FD7160AD-5686-4A4C-AC13-74D6902819F0}.Debug|Any CPU.ActiveCfg = Debug|Any CPU
		{FD7160AD-5686-4A4C-AC13-74D6902819F0}.Debug|Any CPU.Build.0 = Debug|Any CPU
		{FD7160AD-5686-4A4C-AC13-74D6902819F0}.Release|Any CPU.ActiveCfg = Release|Any CPU
		{FD7160AD-5686-4A4C-AC13-74D6902819F0}.Release|Any CPU.Build.0 = Release|Any CPU
		{09A04C13-258B-4308-91F8-2C5C09D7F0BC}.Debug|Any CPU.ActiveCfg = Debug|Any CPU
		{09A04C13-258B-4308-91F8-2C5C09D7F0BC}.Debug|Any CPU.Build.0 = Debug|Any CPU
		{09A04C13-258B-4308-91F8-2C5C09D7F0BC}.Release|Any CPU.ActiveCfg = Release|Any CPU
		{09A04C13-258B-4308-91F8-2C5C09D7F0BC}.Release|Any CPU.Build.0 = Release|Any CPU
		{C98FC8AF-8024-4978-B2EB-F759D7136FA9}.Debug|Any CPU.ActiveCfg = Debug|Any CPU
		{C98FC8AF-8024-4978-B2EB-F759D7136FA9}.Debug|Any CPU.Build.0 = Debug|Any CPU
		{C98FC8AF-8024-4978-B2EB-F759D7136FA9}.Release|Any CPU.ActiveCfg = Release|Any CPU
		{C98FC8AF-8024-4978-B2EB-F759D7136FA9}.Release|Any CPU.Build.0 = Release|Any CPU
		{C0BD48EF-B71A-4805-9F99-6199A9463F61}.Debug|Any CPU.ActiveCfg = Debug|Any CPU
		{C0BD48EF-B71A-4805-9F99-6199A9463F61}.Debug|Any CPU.Build.0 = Debug|Any CPU
		{C0BD48EF-B71A-4805-9F99-6199A9463F61}.Release|Any CPU.ActiveCfg = Release|Any CPU
		{C0BD48EF-B71A-4805-9F99-6199A9463F61}.Release|Any CPU.Build.0 = Release|Any CPU
		{859B732F-F60B-49F3-83D0-37841AB834C4}.Debug|Any CPU.ActiveCfg = Debug|Any CPU
		{859B732F-F60B-49F3-83D0-37841AB834C4}.Debug|Any CPU.Build.0 = Debug|Any CPU
		{859B732F-F60B-49F3-83D0-37841AB834C4}.Release|Any CPU.ActiveCfg = Release|Any CPU
		{859B732F-F60B-49F3-83D0-37841AB834C4}.Release|Any CPU.Build.0 = Release|Any CPU
		{EA68DE7E-43B4-475A-A790-112782D24878}.Debug|Any CPU.ActiveCfg = Debug|Any CPU
		{EA68DE7E-43B4-475A-A790-112782D24878}.Debug|Any CPU.Build.0 = Debug|Any CPU
		{EA68DE7E-43B4-475A-A790-112782D24878}.Release|Any CPU.ActiveCfg = Release|Any CPU
		{EA68DE7E-43B4-475A-A790-112782D24878}.Release|Any CPU.Build.0 = Release|Any CPU
		{AA25C496-5978-4E6F-A3C0-76D5FB8C6374}.Debug|Any CPU.ActiveCfg = Debug|Any CPU
		{AA25C496-5978-4E6F-A3C0-76D5FB8C6374}.Debug|Any CPU.Build.0 = Debug|Any CPU
		{AA25C496-5978-4E6F-A3C0-76D5FB8C6374}.Release|Any CPU.ActiveCfg = Release|Any CPU
		{AA25C496-5978-4E6F-A3C0-76D5FB8C6374}.Release|Any CPU.Build.0 = Release|Any CPU
		{7739A37D-FEE0-4E88-83E5-E6DA17E87274}.Debug|Any CPU.ActiveCfg = Debug|Any CPU
		{7739A37D-FEE0-4E88-83E5-E6DA17E87274}.Debug|Any CPU.Build.0 = Debug|Any CPU
		{7739A37D-FEE0-4E88-83E5-E6DA17E87274}.Release|Any CPU.ActiveCfg = Release|Any CPU
		{7739A37D-FEE0-4E88-83E5-E6DA17E87274}.Release|Any CPU.Build.0 = Release|Any CPU
		{E910A03F-055A-4DDD-A780-A779DB919C17}.Debug|Any CPU.ActiveCfg = Debug|Any CPU
		{E910A03F-055A-4DDD-A780-A779DB919C17}.Debug|Any CPU.Build.0 = Debug|Any CPU
		{E910A03F-055A-4DDD-A780-A779DB919C17}.Release|Any CPU.ActiveCfg = Release|Any CPU
		{E910A03F-055A-4DDD-A780-A779DB919C17}.Release|Any CPU.Build.0 = Release|Any CPU
		{57B0FE73-7A7B-44F9-9C22-F1D8F73322BE}.Debug|Any CPU.ActiveCfg = Debug|Any CPU
		{57B0FE73-7A7B-44F9-9C22-F1D8F73322BE}.Debug|Any CPU.Build.0 = Debug|Any CPU
		{57B0FE73-7A7B-44F9-9C22-F1D8F73322BE}.Release|Any CPU.ActiveCfg = Release|Any CPU
		{57B0FE73-7A7B-44F9-9C22-F1D8F73322BE}.Release|Any CPU.Build.0 = Release|Any CPU
		{64CB7AFF-6A54-4ED7-862D-9EE1E2669B09}.Debug|Any CPU.ActiveCfg = Debug|Any CPU
		{64CB7AFF-6A54-4ED7-862D-9EE1E2669B09}.Debug|Any CPU.Build.0 = Debug|Any CPU
		{64CB7AFF-6A54-4ED7-862D-9EE1E2669B09}.Release|Any CPU.ActiveCfg = Release|Any CPU
		{64CB7AFF-6A54-4ED7-862D-9EE1E2669B09}.Release|Any CPU.Build.0 = Release|Any CPU
		{6D153B9B-0969-478F-B0CD-14745DE5AB6F}.Debug|Any CPU.ActiveCfg = Debug|Any CPU
		{6D153B9B-0969-478F-B0CD-14745DE5AB6F}.Debug|Any CPU.Build.0 = Debug|Any CPU
		{6D153B9B-0969-478F-B0CD-14745DE5AB6F}.Release|Any CPU.ActiveCfg = Release|Any CPU
		{6D153B9B-0969-478F-B0CD-14745DE5AB6F}.Release|Any CPU.Build.0 = Release|Any CPU
		{31095965-C928-498F-809A-D0E9718673AA}.Debug|Any CPU.ActiveCfg = Debug|Any CPU
		{31095965-C928-498F-809A-D0E9718673AA}.Debug|Any CPU.Build.0 = Debug|Any CPU
		{31095965-C928-498F-809A-D0E9718673AA}.Release|Any CPU.ActiveCfg = Release|Any CPU
		{31095965-C928-498F-809A-D0E9718673AA}.Release|Any CPU.Build.0 = Release|Any CPU
	EndGlobalSection
	GlobalSection(SolutionProperties) = preSolution
		HideSolutionNode = FALSE
	EndGlobalSection
	GlobalSection(ExtensibilityGlobals) = postSolution
		SolutionGuid = {093946AE-F668-4F64-9547-FB68689A02ED}
	EndGlobalSection
EndGlobal
